
Microsoft Visual Studio Solution File, Format Version 12.00
# Visual Studio Version 17
VisualStudioVersion = 17.8.34004.107
MinimumVisualStudioVersion = 10.0.40219.1
Project("{9A19103F-16F7-4668-BE54-9A1E7A4F7556}") = "StickyHomeworks2", "StickyHomeworks2\StickyHomeworks2.csproj", "{88C2773A-34FB-44BB-A377-A66B63983D2E}"
EndProject
Project("{9A19103F-16F7-4668-BE54-9A1E7A4F7556}") = "StickyHomeworks2.Web", "StickyHomeworks2.Web\StickyHomeworks2.Web.csproj", "{CA34684C-FE27-4EA2-8EBE-B46287D231F3}"
EndProject
Project("{9A19103F-16F7-4668-BE54-9A1E7A4F7556}") = "ElysiaFramework", "ElysiaFramework\ElysiaFramework.csproj", "{1DA2E4CF-8B02-4960-AE3A-57ECE280F75B}"
EndProject
Project("{9A19103F-16F7-4668-BE54-9A1E7A4F7556}") = "StickyHomeworks2.Core", "StickyHomeworks2.Core\StickyHomeworks2.Core.csproj", "{7049A8AB-4754-4620-BE87-A087E627B46D}"
EndProject
Project("{FAE04EC0-301F-11D3-BF4B-00C04F79EFBC}") = "StickyHomeworks2.Updater", "StickyHomeworks2.Updater\StickyHomeworks2.Updater.csproj", "{4B77AFFE-7BA6-4438-8654-97DD5EE58C90}"
EndProject
Global
	GlobalSection(SolutionConfigurationPlatforms) = preSolution
		Debug|Any CPU = Debug|Any CPU
		Debug|x64 = Debug|x64
		Debug|x86 = Debug|x86
		Release|Any CPU = Release|Any CPU
		Release|x64 = Release|x64
		Release|x86 = Release|x86
	EndGlobalSection
	GlobalSection(ProjectConfigurationPlatforms) = postSolution
		{88C2773A-34FB-44BB-A377-A66B63983D2E}.Debug|Any CPU.ActiveCfg = Debug|Any CPU
		{88C2773A-34FB-44BB-A377-A66B63983D2E}.Debug|Any CPU.Build.0 = Debug|Any CPU
		{88C2773A-34FB-44BB-A377-A66B63983D2E}.Debug|x64.ActiveCfg = Debug|Any CPU
		{88C2773A-34FB-44BB-A377-A66B63983D2E}.Debug|x64.Build.0 = Debug|Any CPU
		{88C2773A-34FB-44BB-A377-A66B63983D2E}.Debug|x86.ActiveCfg = Debug|Any CPU
		{88C2773A-34FB-44BB-A377-A66B63983D2E}.Debug|x86.Build.0 = Debug|Any CPU
		{88C2773A-34FB-44BB-A377-A66B63983D2E}.Release|Any CPU.ActiveCfg = Release|Any CPU
		{88C2773A-34FB-44BB-A377-A66B63983D2E}.Release|Any CPU.Build.0 = Release|Any CPU
		{88C2773A-34FB-44BB-A377-A66B63983D2E}.Release|x64.ActiveCfg = Release|Any CPU
		{88C2773A-34FB-44BB-A377-A66B63983D2E}.Release|x64.Build.0 = Release|Any CPU
		{88C2773A-34FB-44BB-A377-A66B63983D2E}.Release|x86.ActiveCfg = Release|Any CPU
		{88C2773A-34FB-44BB-A377-A66B63983D2E}.Release|x86.Build.0 = Release|Any CPU
		{CA34684C-FE27-4EA2-8EBE-B46287D231F3}.Debug|Any CPU.ActiveCfg = Debug|Any CPU
		{CA34684C-FE27-4EA2-8EBE-B46287D231F3}.Debug|Any CPU.Build.0 = Debug|Any CPU
		{CA34684C-FE27-4EA2-8EBE-B46287D231F3}.Debug|x64.ActiveCfg = Debug|Any CPU
		{CA34684C-FE27-4EA2-8EBE-B46287D231F3}.Debug|x64.Build.0 = Debug|Any CPU
		{CA34684C-FE27-4EA2-8EBE-B46287D231F3}.Debug|x86.ActiveCfg = Debug|Any CPU
		{CA34684C-FE27-4EA2-8EBE-B46287D231F3}.Debug|x86.Build.0 = Debug|Any CPU
		{CA34684C-FE27-4EA2-8EBE-B46287D231F3}.Release|Any CPU.ActiveCfg = Release|Any CPU
		{CA34684C-FE27-4EA2-8EBE-B46287D231F3}.Release|Any CPU.Build.0 = Release|Any CPU
		{CA34684C-FE27-4EA2-8EBE-B46287D231F3}.Release|x64.ActiveCfg = Release|Any CPU
		{CA34684C-FE27-4EA2-8EBE-B46287D231F3}.Release|x64.Build.0 = Release|Any CPU
		{CA34684C-FE27-4EA2-8EBE-B46287D231F3}.Release|x86.ActiveCfg = Release|Any CPU
		{CA34684C-FE27-4EA2-8EBE-B46287D231F3}.Release|x86.Build.0 = Release|Any CPU
		{1DA2E4CF-8B02-4960-AE3A-57ECE280F75B}.Debug|Any CPU.ActiveCfg = Debug|Any CPU
		{1DA2E4CF-8B02-4960-AE3A-57ECE280F75B}.Debug|Any CPU.Build.0 = Debug|Any CPU
		{1DA2E4CF-8B02-4960-AE3A-57ECE280F75B}.Debug|x64.ActiveCfg = Debug|Any CPU
		{1DA2E4CF-8B02-4960-AE3A-57ECE280F75B}.Debug|x64.Build.0 = Debug|Any CPU
		{1DA2E4CF-8B02-4960-AE3A-57ECE280F75B}.Debug|x86.ActiveCfg = Debug|Any CPU
		{1DA2E4CF-8B02-4960-AE3A-57ECE280F75B}.Debug|x86.Build.0 = Debug|Any CPU
		{1DA2E4CF-8B02-4960-AE3A-57ECE280F75B}.Release|Any CPU.ActiveCfg = Release|Any CPU
		{1DA2E4CF-8B02-4960-AE3A-57ECE280F75B}.Release|Any CPU.Build.0 = Release|Any CPU
		{1DA2E4CF-8B02-4960-AE3A-57ECE280F75B}.Release|x64.ActiveCfg = Release|Any CPU
		{1DA2E4CF-8B02-4960-AE3A-57ECE280F75B}.Release|x64.Build.0 = Release|Any CPU
		{1DA2E4CF-8B02-4960-AE3A-57ECE280F75B}.Release|x86.ActiveCfg = Release|Any CPU
		{1DA2E4CF-8B02-4960-AE3A-57ECE280F75B}.Release|x86.Build.0 = Release|Any CPU
		{7049A8AB-4754-4620-BE87-A087E627B46D}.Debug|Any CPU.ActiveCfg = Debug|Any CPU
		{7049A8AB-4754-4620-BE87-A087E627B46D}.Debug|Any CPU.Build.0 = Debug|Any CPU
		{7049A8AB-4754-4620-BE87-A087E627B46D}.Debug|x64.ActiveCfg = Debug|Any CPU
		{7049A8AB-4754-4620-BE87-A087E627B46D}.Debug|x64.Build.0 = Debug|Any CPU
		{7049A8AB-4754-4620-BE87-A087E627B46D}.Debug|x86.ActiveCfg = Debug|Any CPU
		{7049A8AB-4754-4620-BE87-A087E627B46D}.Debug|x86.Build.0 = Debug|Any CPU
		{7049A8AB-4754-4620-BE87-A087E627B46D}.Release|Any CPU.ActiveCfg = Release|Any CPU
		{7049A8AB-4754-4620-BE87-A087E627B46D}.Release|Any CPU.Build.0 = Release|Any CPU
		{7049A8AB-4754-4620-BE87-A087E627B46D}.Release|x64.ActiveCfg = Release|Any CPU
		{7049A8AB-4754-4620-BE87-A087E627B46D}.Release|x64.Build.0 = Release|Any CPU
		{7049A8AB-4754-4620-BE87-A087E627B46D}.Release|x86.ActiveCfg = Release|Any CPU
		{7049A8AB-4754-4620-BE87-A087E627B46D}.Release|x86.Build.0 = Release|Any CPU
		{4B77AFFE-7BA6-4438-8654-97DD5EE58C90}.Debug|Any CPU.ActiveCfg = Debug|Any CPU
		{4B77AFFE-7BA6-4438-8654-97DD5EE58C90}.Debug|Any CPU.Build.0 = Debug|Any CPU
		{4B77AFFE-7BA6-4438-8654-97DD5EE58C90}.Debug|x64.ActiveCfg = Debug|Any CPU
		{4B77AFFE-7BA6-4438-8654-97DD5EE58C90}.Debug|x64.Build.0 = Debug|Any CPU
		{4B77AFFE-7BA6-4438-8654-97DD5EE58C90}.Debug|x86.ActiveCfg = Debug|Any CPU
		{4B77AFFE-7BA6-4438-8654-97DD5EE58C90}.Debug|x86.Build.0 = Debug|Any CPU
		{4B77AFFE-7BA6-4438-8654-97DD5EE58C90}.Release|Any CPU.ActiveCfg = Release|Any CPU
		{4B77AFFE-7BA6-4438-8654-97DD5EE58C90}.Release|Any CPU.Build.0 = Release|Any CPU
		{4B77AFFE-7BA6-4438-8654-97DD5EE58C90}.Release|x64.ActiveCfg = Release|Any CPU
		{4B77AFFE-7BA6-4438-8654-97DD5EE58C90}.Release|x64.Build.0 = Release|Any CPU
		{4B77AFFE-7BA6-4438-8654-97DD5EE58C90}.Release|x86.ActiveCfg = Release|Any CPU
		{4B77AFFE-7BA6-4438-8654-97DD5EE58C90}.Release|x86.Build.0 = Release|Any CPU
	EndGlobalSection
	GlobalSection(SolutionProperties) = preSolution
		HideSolutionNode = FALSE
	EndGlobalSection
	GlobalSection(ExtensibilityGlobals) = postSolution
		SolutionGuid = {43AEE9A8-BA64-4A4D-A6C9-FDCB5E37D3AC}
	EndGlobalSection
EndGlobal
